// !$*UTF8*$!
{
	archiveVersion = 1;
	classes = {
	};
	objectVersion = 77;
	objects = {

/* Begin PBXContainerItemProxy section */
		63827DD32DBA4DD0008D588A /* PBXContainerItemProxy */ = {
			isa = PBXContainerItemProxy;
			containerPortal = 63827DBA2DBA4DC9008D588A /* Project object */;
			proxyType = 1;
			remoteGlobalIDString = 63827DC12DBA4DC9008D588A;
			remoteInfo = iglike;
		};
		63827DDD2DBA4DD0008D588A /* PBXContainerItemProxy */ = {
			isa = PBXContainerItemProxy;
			containerPortal = 63827DBA2DBA4DC9008D588A /* Project object */;
			proxyType = 1;
			remoteGlobalIDString = 63827DC12DBA4DC9008D588A;
			remoteInfo = iglike;
		};
/* End PBXContainerItemProxy section */

/* Begin PBXFileReference section */
		63827DC22DBA4DC9008D588A /* iglike.app */ = {isa = PBXFileReference; explicitFileType = wrapper.application; includeInIndex = 0; path = iglike.app; sourceTree = BUILT_PRODUCTS_DIR; };
		63827DD22DBA4DD0008D588A /* iglikeTests.xctest */ = {isa = PBXFileReference; explicitFileType = wrapper.cfbundle; includeInIndex = 0; path = iglikeTests.xctest; sourceTree = BUILT_PRODUCTS_DIR; };
		63827DDC2DBA4DD0008D588A /* iglikeUITests.xctest */ = {isa = PBXFileReference; explicitFileType = wrapper.cfbundle; includeInIndex = 0; path = iglikeUITests.xctest; sourceTree = BUILT_PRODUCTS_DIR; };
/* End PBXFileReference section */

/* Begin PBXFileSystemSynchronizedRootGroup section */
		63827DC42DBA4DC9008D588A /* iglike */ = {
			isa = PBXFileSystemSynchronizedRootGroup;
			path = iglike;
			sourceTree = "<group>";
		};
		63827DD52DBA4DD0008D588A /* iglikeTests */ = {
			isa = PBXFileSystemSynchronizedRootGroup;
			path = iglikeTests;
			sourceTree = "<group>";
		};
		63827DDF2DBA4DD0008D588A /* iglikeUITests */ = {
			isa = PBXFileSystemSynchronizedRootGroup;
			path = iglikeUITests;
			sourceTree = "<group>";
		};
/* End PBXFileSystemSynchronizedRootGroup section */

/* Begin PBXFrameworksBuildPhase section */
		63827DBF2DBA4DC9008D588A /* Frameworks */ = {
			isa = PBXFrameworksBuildPhase;
			buildActionMask = 2147483647;
			files = (
			);
			runOnlyForDeploymentPostprocessing = 0;
		};
		63827DCF2DBA4DD0008D588A /* Frameworks */ = {
			isa = PBXFrameworksBuildPhase;
			buildActionMask = 2147483647;
			files = (
			);
			runOnlyForDeploymentPostprocessing = 0;
		};
		63827DD92DBA4DD0008D588A /* Frameworks */ = {
			isa = PBXFrameworksBuildPhase;
			buildActionMask = 2147483647;
			files = (
			);
			runOnlyForDeploymentPostprocessing = 0;
		};
/* End PBXFrameworksBuildPhase section */

/* Begin PBXGroup section */
		63827DB92DBA4DC9008D588A = {
			isa = PBXGroup;
			children = (
				63827DC42DBA4DC9008D588A /* iglike */,
				63827DD52DBA4DD0008D588A /* iglikeTests */,
				63827DDF2DBA4DD0008D588A /* iglikeUITests */,
				63827DC32DBA4DC9008D588A /* Products */,
			);
			sourceTree = "<group>";
		};
		63827DC32DBA4DC9008D588A /* Products */ = {
			isa = PBXGroup;
			children = (
				63827DC22DBA4DC9008D588A /* iglike.app */,
				63827DD22DBA4DD0008D588A /* iglikeTests.xctest */,
				63827DDC2DBA4DD0008D588A /* iglikeUITests.xctest */,
			);
			name = Products;
			sourceTree = "<group>";
		};
/* End PBXGroup section */

/* Begin PBXNativeTarget section */
		63827DC12DBA4DC9008D588A /* iglike */ = {
			isa = PBXNativeTarget;
			buildConfigurationList = 63827DE62DBA4DD0008D588A /* Build configuration list for PBXNativeTarget "iglike" */;
			buildPhases = (
				63827DBE2DBA4DC9008D588A /* Sources */,
				63827DBF2DBA4DC9008D588A /* Frameworks */,
				63827DC02DBA4DC9008D588A /* Resources */,
			);
			buildRules = (
			);
			dependencies = (
			);
			fileSystemSynchronizedGroups = (
				63827DC42DBA4DC9008D588A /* iglike */,
			);
			name = iglike;
			packageProductDependencies = (
			);
			productName = iglike;
			productReference = 63827DC22DBA4DC9008D588A /* iglike.app */;
			productType = "com.apple.product-type.application";
		};
		63827DD12DBA4DD0008D588A /* iglikeTests */ = {
			isa = PBXNativeTarget;
			buildConfigurationList = 63827DE92DBA4DD0008D588A /* Build configuration list for PBXNativeTarget "iglikeTests" */;
			buildPhases = (
				63827DCE2DBA4DD0008D588A /* Sources */,
				63827DCF2DBA4DD0008D588A /* Frameworks */,
				63827DD02DBA4DD0008D588A /* Resources */,
			);
			buildRules = (
			);
			dependencies = (
				63827DD42DBA4DD0008D588A /* PBXTargetDependency */,
			);
			fileSystemSynchronizedGroups = (
				63827DD52DBA4DD0008D588A /* iglikeTests */,
			);
			name = iglikeTests;
			packageProductDependencies = (
			);
			productName = iglikeTests;
			productReference = 63827DD22DBA4DD0008D588A /* iglikeTests.xctest */;
			productType = "com.apple.product-type.bundle.unit-test";
		};
		63827DDB2DBA4DD0008D588A /* iglikeUITests */ = {
			isa = PBXNativeTarget;
			buildConfigurationList = 63827DEC2DBA4DD0008D588A /* Build configuration list for PBXNativeTarget "iglikeUITests" */;
			buildPhases = (
				63827DD82DBA4DD0008D588A /* Sources */,
				63827DD92DBA4DD0008D588A /* Frameworks */,
				63827DDA2DBA4DD0008D588A /* Resources */,
			);
			buildRules = (
			);
			dependencies = (
				63827DDE2DBA4DD0008D588A /* PBXTargetDependency */,
			);
			fileSystemSynchronizedGroups = (
				63827DDF2DBA4DD0008D588A /* iglikeUITests */,
			);
			name = iglikeUITests;
			packageProductDependencies = (
			);
			productName = iglikeUITests;
			productReference = 63827DDC2DBA4DD0008D588A /* iglikeUITests.xctest */;
			productType = "com.apple.product-type.bundle.ui-testing";
		};
/* End PBXNativeTarget section */

/* Begin PBXProject section */
		63827DBA2DBA4DC9008D588A /* Project object */ = {
			isa = PBXProject;
			attributes = {
				BuildIndependentTargetsInParallel = 1;
				LastSwiftUpdateCheck = 1620;
				LastUpgradeCheck = 1620;
				TargetAttributes = {
					63827DC12DBA4DC9008D588A = {
						CreatedOnToolsVersion = 16.2;
					};
					63827DD12DBA4DD0008D588A = {
						CreatedOnToolsVersion = 16.2;
						TestTargetID = 63827DC12DBA4DC9008D588A;
					};
					63827DDB2DBA4DD0008D588A = {
						CreatedOnToolsVersion = 16.2;
						TestTargetID = 63827DC12DBA4DC9008D588A;
					};
				};
			};
			buildConfigurationList = 63827DBD2DBA4DC9008D588A /* Build configuration list for PBXProject "iglike" */;
			developmentRegion = en;
			hasScannedForEncodings = 0;
			knownRegions = (
				en,
				Base,
			);
			mainGroup = 63827DB92DBA4DC9008D588A;
			minimizedProjectReferenceProxies = 1;
			preferredProjectObjectVersion = 77;
			productRefGroup = 63827DC32DBA4DC9008D588A /* Products */;
			projectDirPath = "";
			projectRoot = "";
			targets = (
				63827DC12DBA4DC9008D588A /* iglike */,
				63827DD12DBA4DD0008D588A /* iglikeTests */,
				63827DDB2DBA4DD0008D588A /* iglikeUITests */,
			);
		};
/* End PBXProject section */

/* Begin PBXResourcesBuildPhase section */
		63827DC02DBA4DC9008D588A /* Resources */ = {
			isa = PBXResourcesBuildPhase;
			buildActionMask = 2147483647;
			files = (
			);
			runOnlyForDeploymentPostprocessing = 0;
		};
		63827DD02DBA4DD0008D588A /* Resources */ = {
			isa = PBXResourcesBuildPhase;
			buildActionMask = 2147483647;
			files = (
			);
			runOnlyForDeploymentPostprocessing = 0;
		};
		63827DDA2DBA4DD0008D588A /* Resources */ = {
			isa = PBXResourcesBuildPhase;
			buildActionMask = 2147483647;
			files = (
			);
			runOnlyForDeploymentPostprocessing = 0;
		};
/* End PBXResourcesBuildPhase section */

/* Begin PBXSourcesBuildPhase section */
		63827DBE2DBA4DC9008D588A /* Sources */ = {
			isa = PBXSourcesBuildPhase;
			buildActionMask = 2147483647;
			files = (
			);
			runOnlyForDeploymentPostprocessing = 0;
		};
		63827DCE2DBA4DD0008D588A /* Sources */ = {
			isa = PBXSourcesBuildPhase;
			buildActionMask = 2147483647;
			files = (
			);
			runOnlyForDeploymentPostprocessing = 0;
		};
		63827DD82DBA4DD0008D588A /* Sources */ = {
			isa = PBXSourcesBuildPhase;
			buildActionMask = 2147483647;
			files = (
			);
			runOnlyForDeploymentPostprocessing = 0;
		};
/* End PBXSourcesBuildPhase section */

/* Begin PBXTargetDependency section */
		63827DD42DBA4DD0008D588A /* PBXTargetDependency */ = {
			isa = PBXTargetDependency;
			target = 63827DC12DBA4DC9008D588A /* iglike */;
			targetProxy = 63827DD32DBA4DD0008D588A /* PBXContainerItemProxy */;
		};
		63827DDE2DBA4DD0008D588A /* PBXTargetDependency */ = {
			isa = PBXTargetDependency;
			target = 63827DC12DBA4DC9008D588A /* iglike */;
			targetProxy = 63827DDD2DBA4DD0008D588A /* PBXContainerItemProxy */;
		};
/* End PBXTargetDependency section */

/* Begin XCBuildConfiguration section */
		63827DE42DBA4DD0008D588A /* Debug */ = {
			isa = XCBuildConfiguration;
			buildSettings = {
				ALWAYS_SEARCH_USER_PATHS = NO;
				ASSETCATALOG_COMPILER_GENERATE_SWIFT_ASSET_SYMBOL_EXTENSIONS = YES;
				CLANG_ANALYZER_NONNULL = YES;
				CLANG_ANALYZER_NUMBER_OBJECT_CONVERSION = YES_AGGRESSIVE;
				CLANG_CXX_LANGUAGE_STANDARD = "gnu++20";
				CLANG_ENABLE_MODULES = YES;
				CLANG_ENABLE_OBJC_ARC = YES;
				CLANG_ENABLE_OBJC_WEAK = YES;
				CLANG_WARN_BLOCK_CAPTURE_AUTORELEASING = YES;
				CLANG_WARN_BOOL_CONVERSION = YES;
				CLANG_WARN_COMMA = YES;
				CLANG_WARN_CONSTANT_CONVERSION = YES;
				CLANG_WARN_DEPRECATED_OBJC_IMPLEMENTATIONS = YES;
				CLANG_WARN_DIRECT_OBJC_ISA_USAGE = YES_ERROR;
				CLANG_WARN_DOCUMENTATION_COMMENTS = YES;
				CLANG_WARN_EMPTY_BODY = YES;
				CLANG_WARN_ENUM_CONVERSION = YES;
				CLANG_WARN_INFINITE_RECURSION = YES;
				CLANG_WARN_INT_CONVERSION = YES;
				CLANG_WARN_NON_LITERAL_NULL_CONVERSION = YES;
				CLANG_WARN_OBJC_IMPLICIT_RETAIN_SELF = YES;
				CLANG_WARN_OBJC_LITERAL_CONVERSION = YES;
				CLANG_WARN_OBJC_ROOT_CLASS = YES_ERROR;
				CLANG_WARN_QUOTED_INCLUDE_IN_FRAMEWORK_HEADER = YES;
				CLANG_WARN_RANGE_LOOP_ANALYSIS = YES;
				CLANG_WARN_STRICT_PROTOTYPES = YES;
				CLANG_WARN_SUSPICIOUS_MOVE = YES;
				CLANG_WARN_UNGUARDED_AVAILABILITY = YES_AGGRESSIVE;
				CLANG_WARN_UNREACHABLE_CODE = YES;
				CLANG_WARN__DUPLICATE_METHOD_MATCH = YES;
				COPY_PHASE_STRIP = NO;
				DEBUG_INFORMATION_FORMAT = dwarf;
				ENABLE_STRICT_OBJC_MSGSEND = YES;
				ENABLE_TESTABILITY = YES;
				ENABLE_USER_SCRIPT_SANDBOXING = YES;
				GCC_C_LANGUAGE_STANDARD = gnu17;
				GCC_DYNAMIC_NO_PIC = NO;
				GCC_NO_COMMON_BLOCKS = YES;
				GCC_OPTIMIZATION_LEVEL = 0;
				GCC_PREPROCESSOR_DEFINITIONS = (
					"DEBUG=1",
					"$(inherited)",
				);
				GCC_WARN_64_TO_32_BIT_CONVERSION = YES;
				GCC_WARN_ABOUT_RETURN_TYPE = YES_ERROR;
				GCC_WARN_UNDECLARED_SELECTOR = YES;
				GCC_WARN_UNINITIALIZED_AUTOS = YES_AGGRESSIVE;
				GCC_WARN_UNUSED_FUNCTION = YES;
				GCC_WARN_UNUSED_VARIABLE = YES;
				IPHONEOS_DEPLOYMENT_TARGET = 18.2;
				LOCALIZATION_PREFERS_STRING_CATALOGS = YES;
				MTL_ENABLE_DEBUG_INFO = INCLUDE_SOURCE;
				MTL_FAST_MATH = YES;
				ONLY_ACTIVE_ARCH = YES;
				SDKROOT = iphoneos;
				SWIFT_ACTIVE_COMPILATION_CONDITIONS = "DEBUG $(inherited)";
				SWIFT_OPTIMIZATION_LEVEL = "-Onone";
			};
			name = Debug;
		};
		63827DE52DBA4DD0008D588A /* Release */ = {
			isa = XCBuildConfiguration;
			buildSettings = {
				ALWAYS_SEARCH_USER_PATHS = NO;
				ASSETCATALOG_COMPILER_GENERATE_SWIFT_ASSET_SYMBOL_EXTENSIONS = YES;
				CLANG_ANALYZER_NONNULL = YES;
				CLANG_ANALYZER_NUMBER_OBJECT_CONVERSION = YES_AGGRESSIVE;
				CLANG_CXX_LANGUAGE_STANDARD = "gnu++20";
				CLANG_ENABLE_MODULES = YES;
				CLANG_ENABLE_OBJC_ARC = YES;
				CLANG_ENABLE_OBJC_WEAK = YES;
				CLANG_WARN_BLOCK_CAPTURE_AUTORELEASING = YES;
				CLANG_WARN_BOOL_CONVERSION = YES;
				CLANG_WARN_COMMA = YES;
				CLANG_WARN_CONSTANT_CONVERSION = YES;
				CLANG_WARN_DEPRECATED_OBJC_IMPLEMENTATIONS = YES;
				CLANG_WARN_DIRECT_OBJC_ISA_USAGE = YES_ERROR;
				CLANG_WARN_DOCUMENTATION_COMMENTS = YES;
				CLANG_WARN_EMPTY_BODY = YES;
				CLANG_WARN_ENUM_CONVERSION = YES;
				CLANG_WARN_INFINITE_RECURSION = YES;
				CLANG_WARN_INT_CONVERSION = YES;
				CLANG_WARN_NON_LITERAL_NULL_CONVERSION = YES;
				CLANG_WARN_OBJC_IMPLICIT_RETAIN_SELF = YES;
				CLANG_WARN_OBJC_LITERAL_CONVERSION = YES;
				CLANG_WARN_OBJC_ROOT_CLASS = YES_ERROR;
				CLANG_WARN_QUOTED_INCLUDE_IN_FRAMEWORK_HEADER = YES;
				CLANG_WARN_RANGE_LOOP_ANALYSIS = YES;
				CLANG_WARN_STRICT_PROTOTYPES = YES;
				CLANG_WARN_SUSPICIOUS_MOVE = YES;
				CLANG_WARN_UNGUARDED_AVAILABILITY = YES_AGGRESSIVE;
				CLANG_WARN_UNREACHABLE_CODE = YES;
				CLANG_WARN__DUPLICATE_METHOD_MATCH = YES;
				COPY_PHASE_STRIP = NO;
				DEBUG_INFORMATION_FORMAT = "dwarf-with-dsym";
				ENABLE_NS_ASSERTIONS = NO;
				ENABLE_STRICT_OBJC_MSGSEND = YES;
				ENABLE_USER_SCRIPT_SANDBOXING = YES;
				GCC_C_LANGUAGE_STANDARD = gnu17;
				GCC_NO_COMMON_BLOCKS = YES;
				GCC_WARN_64_TO_32_BIT_CONVERSION = YES;
				GCC_WARN_ABOUT_RETURN_TYPE = YES_ERROR;
				GCC_WARN_UNDECLARED_SELECTOR = YES;
				GCC_WARN_UNINITIALIZED_AUTOS = YES_AGGRESSIVE;
				GCC_WARN_UNUSED_FUNCTION = YES;
				GCC_WARN_UNUSED_VARIABLE = YES;
				IPHONEOS_DEPLOYMENT_TARGET = 18.2;
				LOCALIZATION_PREFERS_STRING_CATALOGS = YES;
				MTL_ENABLE_DEBUG_INFO = NO;
				MTL_FAST_MATH = YES;
				SDKROOT = iphoneos;
				SWIFT_COMPILATION_MODE = wholemodule;
				VALIDATE_PRODUCT = YES;
			};
			name = Release;
		};
		63827DE72DBA4DD0008D588A /* Debug */ = {
			isa = XCBuildConfiguration;
			buildSettings = {
				ASSETCATALOG_COMPILER_APPICON_NAME = AppIcon;
				ASSETCATALOG_COMPILER_GLOBAL_ACCENT_COLOR_NAME = AccentColor;
				CODE_SIGN_STYLE = Automatic;
				CURRENT_PROJECT_VERSION = 1;
				DEVELOPMENT_ASSET_PATHS = "\"iglike/Preview Content\"";
				DEVELOPMENT_TEAM = A4K9GQ82HR;
				ENABLE_PREVIEWS = YES;
				GENERATE_INFOPLIST_FILE = YES;
				INFOPLIST_KEY_UIApplicationSceneManifest_Generation = YES;
				INFOPLIST_KEY_UIApplicationSupportsIndirectInputEvents = YES;
				INFOPLIST_KEY_UILaunchScreen_Generation = YES;
				INFOPLIST_KEY_UISupportedInterfaceOrientations_iPad = "UIInterfaceOrientationPortrait UIInterfaceOrientationPortraitUpsideDown UIInterfaceOrientationLandscapeLeft UIInterfaceOrientationLandscapeRight";
				INFOPLIST_KEY_UISupportedInterfaceOrientations_iPhone = "UIInterfaceOrientationPortrait UIInterfaceOrientationLandscapeLeft UIInterfaceOrientationLandscapeRight";
				LD_RUNPATH_SEARCH_PATHS = (
					"$(inherited)",
					"@executable_path/Frameworks",
				);
				MARKETING_VERSION = 1.0;
				PRODUCT_BUNDLE_IDENTIFIER = truetechtalent.iglike;
				PRODUCT_NAME = "$(TARGET_NAME)";
				SWIFT_EMIT_LOC_STRINGS = YES;
				SWIFT_VERSION = 5.0;
				TARGETED_DEVICE_FAMILY = "1,2";
			};
			name = Debug;
		};
		63827DE82DBA4DD0008D588A /* Release */ = {
			isa = XCBuildConfiguration;
			buildSettings = {
				ASSETCATALOG_COMPILER_APPICON_NAME = AppIcon;
				ASSETCATALOG_COMPILER_GLOBAL_ACCENT_COLOR_NAME = AccentColor;
				CODE_SIGN_STYLE = Automatic;
				CURRENT_PROJECT_VERSION = 1;
				DEVELOPMENT_ASSET_PATHS = "\"iglike/Preview Content\"";
				DEVELOPMENT_TEAM = A4K9GQ82HR;
				ENABLE_PREVIEWS = YES;
				GENERATE_INFOPLIST_FILE = YES;
				INFOPLIST_KEY_UIApplicationSceneManifest_Generation = YES;
				INFOPLIST_KEY_UIApplicationSupportsIndirectInputEvents = YES;
				INFOPLIST_KEY_UILaunchScreen_Generation = YES;
				INFOPLIST_KEY_UISupportedInterfaceOrientations_iPad = "UIInterfaceOrientationPortrait UIInterfaceOrientationPortraitUpsideDown UIInterfaceOrientationLandscapeLeft UIInterfaceOrientationLandscapeRight";
				INFOPLIST_KEY_UISupportedInterfaceOrientations_iPhone = "UIInterfaceOrientationPortrait UIInterfaceOrientationLandscapeLeft UIInterfaceOrientationLandscapeRight";
				LD_RUNPATH_SEARCH_PATHS = (
					"$(inherited)",
					"@executable_path/Frameworks",
				);
				MARKETING_VERSION = 1.0;
				PRODUCT_BUNDLE_IDENTIFIER = truetechtalent.iglike;
				PRODUCT_NAME = "$(TARGET_NAME)";
				SWIFT_EMIT_LOC_STRINGS = YES;
				SWIFT_VERSION = 5.0;
				TARGETED_DEVICE_FAMILY = "1,2";
			};
			name = Release;
		};
		63827DEA2DBA4DD0008D588A /* Debug */ = {
			isa = XCBuildConfiguration;
			buildSettings = {
				BUNDLE_LOADER = "$(TEST_HOST)";
				CODE_SIGN_STYLE = Automatic;
				CURRENT_PROJECT_VERSION = 1;
				DEVELOPMENT_TEAM = A4K9GQ82HR;
				GENERATE_INFOPLIST_FILE = YES;
				IPHONEOS_DEPLOYMENT_TARGET = 18.2;
				MARKETING_VERSION = 1.0;
				PRODUCT_BUNDLE_IDENTIFIER = truetechtalent.iglikeTests;
				PRODUCT_NAME = "$(TARGET_NAME)";
				SWIFT_EMIT_LOC_STRINGS = NO;
				SWIFT_VERSION = 5.0;
				TARGETED_DEVICE_FAMILY = "1,2";
				TEST_HOST = "$(BUILT_PRODUCTS_DIR)/iglike.app/$(BUNDLE_EXECUTABLE_FOLDER_PATH)/iglike";
			};
			name = Debug;
		};
		63827DEB2DBA4DD0008D588A /* Release */ = {
			isa = XCBuildConfiguration;
			buildSettings = {
				BUNDLE_LOADER = "$(TEST_HOST)";
				CODE_SIGN_STYLE = Automatic;
				CURRENT_PROJECT_VERSION = 1;
				DEVELOPMENT_TEAM = A4K9GQ82HR;
				GENERATE_INFOPLIST_FILE = YES;
				IPHONEOS_DEPLOYMENT_TARGET = 18.2;
				MARKETING_VERSION = 1.0;
				PRODUCT_BUNDLE_IDENTIFIER = truetechtalent.iglikeTests;
				PRODUCT_NAME = "$(TARGET_NAME)";
				SWIFT_EMIT_LOC_STRINGS = NO;
				SWIFT_VERSION = 5.0;
				TARGETED_DEVICE_FAMILY = "1,2";
				TEST_HOST = "$(BUILT_PRODUCTS_DIR)/iglike.app/$(BUNDLE_EXECUTABLE_FOLDER_PATH)/iglike";
			};
			name = Release;
		};
		63827DED2DBA4DD0008D588A /* Debug */ = {
			isa = XCBuildConfiguration;
			buildSettings = {
				CODE_SIGN_STYLE = Automatic;
				CURRENT_PROJECT_VERSION = 1;
				DEVELOPMENT_TEAM = A4K9GQ82HR;
				GENERATE_INFOPLIST_FILE = YES;
				MARKETING_VERSION = 1.0;
				PRODUCT_BUNDLE_IDENTIFIER = truetechtalent.iglikeUITests;
				PRODUCT_NAME = "$(TARGET_NAME)";
				SWIFT_EMIT_LOC_STRINGS = NO;
				SWIFT_VERSION = 5.0;
				TARGETED_DEVICE_FAMILY = "1,2";
				TEST_TARGET_NAME = iglike;
			};
			name = Debug;
		};
		63827DEE2DBA4DD0008D588A /* Release */ = {
			isa = XCBuildConfiguration;
			buildSettings = {
				CODE_SIGN_STYLE = Automatic;
				CURRENT_PROJECT_VERSION = 1;
				DEVELOPMENT_TEAM = A4K9GQ82HR;
				GENERATE_INFOPLIST_FILE = YES;
				MARKETING_VERSION = 1.0;
				PRODUCT_BUNDLE_IDENTIFIER = truetechtalent.iglikeUITests;
				PRODUCT_NAME = "$(TARGET_NAME)";
				SWIFT_EMIT_LOC_STRINGS = NO;
				SWIFT_VERSION = 5.0;
				TARGETED_DEVICE_FAMILY = "1,2";
				TEST_TARGET_NAME = iglike;
			};
			name = Release;
		};
/* End XCBuildConfiguration section */

/* Begin XCConfigurationList section */
		63827DBD2DBA4DC9008D588A /* Build configuration list for PBXProject "iglike" */ = {
			isa = XCConfigurationList;
			buildConfigurations = (
				63827DE42DBA4DD0008D588A /* Debug */,
				63827DE52DBA4DD0008D588A /* Release */,
			);
			defaultConfigurationIsVisible = 0;
			defaultConfigurationName = Release;
		};
		63827DE62DBA4DD0008D588A /* Build configuration list for PBXNativeTarget "iglike" */ = {
			isa = XCConfigurationList;
			buildConfigurations = (
				63827DE72DBA4DD0008D588A /* Debug */,
				63827DE82DBA4DD0008D588A /* Release */,
			);
			defaultConfigurationIsVisible = 0;
			defaultConfigurationName = Release;
		};
		63827DE92DBA4DD0008D588A /* Build configuration list for PBXNativeTarget "iglikeTests" */ = {
			isa = XCConfigurationList;
			buildConfigurations = (
				63827DEA2DBA4DD0008D588A /* Debug */,
				63827DEB2DBA4DD0008D588A /* Release */,
			);
			defaultConfigurationIsVisible = 0;
			defaultConfigurationName = Release;
		};
		63827DEC2DBA4DD0008D588A /* Build configuration list for PBXNativeTarget "iglikeUITests" */ = {
			isa = XCConfigurationList;
			buildConfigurations = (
				63827DED2DBA4DD0008D588A /* Debug */,
				63827DEE2DBA4DD0008D588A /* Release */,
			);
			defaultConfigurationIsVisible = 0;
			defaultConfigurationName = Release;
		};
/* End XCConfigurationList section */
	};
	rootObject = 63827DBA2DBA4DC9008D588A /* Project object */;
}
